// !$*UTF8*$!
{
	archiveVersion = 1;
	classes = {
	};
	objectVersion = 50;
	objects = {

/* Begin PBXBuildFile section */
		108CEA1A27326B9500D754B5 /* AppDelegate.swift in Sources */ = {isa = PBXBuildFile; fileRef = 108CEA1927326B9500D754B5 /* AppDelegate.swift */; };
		108CEA1C27326B9500D754B5 /* SceneDelegate.swift in Sources */ = {isa = PBXBuildFile; fileRef = 108CEA1B27326B9500D754B5 /* SceneDelegate.swift */; };
		108CEA1E27326B9500D754B5 /* ViewController.swift in Sources */ = {isa = PBXBuildFile; fileRef = 108CEA1D27326B9500D754B5 /* ViewController.swift */; };
		108CEA2127326B9500D754B5 /* Main.storyboard in Resources */ = {isa = PBXBuildFile; fileRef = 108CEA1F27326B9500D754B5 /* Main.storyboard */; };
		108CEA2327326B9500D754B5 /* Assets.xcassets in Resources */ = {isa = PBXBuildFile; fileRef = 108CEA2227326B9500D754B5 /* Assets.xcassets */; };
		108CEA2627326B9500D754B5 /* LaunchScreen.storyboard in Resources */ = {isa = PBXBuildFile; fileRef = 108CEA2427326B9500D754B5 /* LaunchScreen.storyboard */; };
/* End PBXBuildFile section */

/* Begin PBXFileReference section */
		108CEA1627326B9500D754B5 /* prototype-Delegate-TextField-class.app */ = {isa = PBXFileReference; explicitFileType = wrapper.application; includeInIndex = 0; path = "prototype-Delegate-TextField-class.app"; sourceTree = BUILT_PRODUCTS_DIR; };
		108CEA1927326B9500D754B5 /* AppDelegate.swift */ = {isa = PBXFileReference; lastKnownFileType = sourcecode.swift; path = AppDelegate.swift; sourceTree = "<group>"; };
		108CEA1B27326B9500D754B5 /* SceneDelegate.swift */ = {isa = PBXFileReference; lastKnownFileType = sourcecode.swift; path = SceneDelegate.swift; sourceTree = "<group>"; };
		108CEA1D27326B9500D754B5 /* ViewController.swift */ = {isa = PBXFileReference; lastKnownFileType = sourcecode.swift; path = ViewController.swift; sourceTree = "<group>"; };
		108CEA2027326B9500D754B5 /* Base */ = {isa = PBXFileReference; lastKnownFileType = file.storyboard; name = Base; path = Base.lproj/Main.storyboard; sourceTree = "<group>"; };
		108CEA2227326B9500D754B5 /* Assets.xcassets */ = {isa = PBXFileReference; lastKnownFileType = folder.assetcatalog; path = Assets.xcassets; sourceTree = "<group>"; };
		108CEA2527326B9500D754B5 /* Base */ = {isa = PBXFileReference; lastKnownFileType = file.storyboard; name = Base; path = Base.lproj/LaunchScreen.storyboard; sourceTree = "<group>"; };
		108CEA2727326B9500D754B5 /* Info.plist */ = {isa = PBXFileReference; lastKnownFileType = text.plist.xml; path = Info.plist; sourceTree = "<group>"; };
/* End PBXFileReference section */

/* Begin PBXFrameworksBuildPhase section */
		108CEA1327326B9500D754B5 /* Frameworks */ = {
			isa = PBXFrameworksBuildPhase;
			buildActionMask = 2147483647;
			files = (
			);
			runOnlyForDeploymentPostprocessing = 0;
		};
/* End PBXFrameworksBuildPhase section */

/* Begin PBXGroup section */
		108CEA0D27326B9500D754B5 = {
			isa = PBXGroup;
			children = (
				108CEA1827326B9500D754B5 /* prototype-Delegate-TextField-class */,
				108CEA1727326B9500D754B5 /* Products */,
			);
			sourceTree = "<group>";
		};
		108CEA1727326B9500D754B5 /* Products */ = {
			isa = PBXGroup;
			children = (
				108CEA1627326B9500D754B5 /* prototype-Delegate-TextField-class.app */,
			);
			name = Products;
			sourceTree = "<group>";
		};
		108CEA1827326B9500D754B5 /* prototype-Delegate-TextField-class */ = {
			isa = PBXGroup;
			children = (
				108CEA1927326B9500D754B5 /* AppDelegate.swift */,
				108CEA1B27326B9500D754B5 /* SceneDelegate.swift */,
				108CEA1D27326B9500D754B5 /* ViewController.swift */,
				108CEA1F27326B9500D754B5 /* Main.storyboard */,
				108CEA2227326B9500D754B5 /* Assets.xcassets */,
				108CEA2427326B9500D754B5 /* LaunchScreen.storyboard */,
				108CEA2727326B9500D754B5 /* Info.plist */,
			);
			path = "prototype-Delegate-TextField-class";
			sourceTree = "<group>";
		};
/* End PBXGroup section */

/* Begin PBXNativeTarget section */
		108CEA1527326B9500D754B5 /* prototype-Delegate-TextField-class */ = {
			isa = PBXNativeTarget;
			buildConfigurationList = 108CEA2A27326B9500D754B5 /* Build configuration list for PBXNativeTarget "prototype-Delegate-TextField-class" */;
			buildPhases = (
				108CEA1227326B9500D754B5 /* Sources */,
				108CEA1327326B9500D754B5 /* Frameworks */,
				108CEA1427326B9500D754B5 /* Resources */,
			);
			buildRules = (
			);
			dependencies = (
			);
			name = "prototype-Delegate-TextField-class";
			productName = "prototype-Delegate-TextField-class";
			productReference = 108CEA1627326B9500D754B5 /* prototype-Delegate-TextField-class.app */;
			productType = "com.apple.product-type.application";
		};
/* End PBXNativeTarget section */

/* Begin PBXProject section */
		108CEA0E27326B9500D754B5 /* Project object */ = {
			isa = PBXProject;
			attributes = {
				LastSwiftUpdateCheck = 1250;
				LastUpgradeCheck = 1250;
				TargetAttributes = {
					108CEA1527326B9500D754B5 = {
						CreatedOnToolsVersion = 12.5;
					};
				};
			};
			buildConfigurationList = 108CEA1127326B9500D754B5 /* Build configuration list for PBXProject "prototype-Delegate-TextField-class" */;
			compatibilityVersion = "Xcode 9.3";
			developmentRegion = en;
			hasScannedForEncodings = 0;
			knownRegions = (
				en,
				Base,
			);
			mainGroup = 108CEA0D27326B9500D754B5;
			productRefGroup = 108CEA1727326B9500D754B5 /* Products */;
			projectDirPath = "";
			projectRoot = "";
			targets = (
				108CEA1527326B9500D754B5 /* prototype-Delegate-TextField-class */,
			);
		};
/* End PBXProject section */

/* Begin PBXResourcesBuildPhase section */
		108CEA1427326B9500D754B5 /* Resources */ = {
			isa = PBXResourcesBuildPhase;
			buildActionMask = 2147483647;
			files = (
				108CEA2627326B9500D754B5 /* LaunchScreen.storyboard in Resources */,
				108CEA2327326B9500D754B5 /* Assets.xcassets in Resources */,
				108CEA2127326B9500D754B5 /* Main.storyboard in Resources */,
			);
			runOnlyForDeploymentPostprocessing = 0;
		};
/* End PBXResourcesBuildPhase section */

/* Begin PBXSourcesBuildPhase section */
		108CEA1227326B9500D754B5 /* Sources */ = {
			isa = PBXSourcesBuildPhase;
			buildActionMask = 2147483647;
			files = (
				108CEA1E27326B9500D754B5 /* ViewController.swift in Sources */,
				108CEA1A27326B9500D754B5 /* AppDelegate.swift in Sources */,
				108CEA1C27326B9500D754B5 /* SceneDelegate.swift in Sources */,
			);
			runOnlyForDeploymentPostprocessing = 0;
		};
/* End PBXSourcesBuildPhase section */

/* Begin PBXVariantGroup section */
		108CEA1F27326B9500D754B5 /* Main.storyboard */ = {
			isa = PBXVariantGroup;
			children = (
				108CEA2027326B9500D754B5 /* Base */,
			);
			name = Main.storyboard;
			sourceTree = "<group>";
		};
		108CEA2427326B9500D754B5 /* LaunchScreen.storyboard */ = {
			isa = PBXVariantGroup;
			children = (
				108CEA2527326B9500D754B5 /* Base */,
			);
			name = LaunchScreen.storyboard;
			sourceTree = "<group>";
		};
/* End PBXVariantGroup section */

/* Begin XCBuildConfiguration section */
		108CEA2827326B9500D754B5 /* Debug */ = {
			isa = XCBuildConfiguration;
			buildSettings = {
				ALWAYS_SEARCH_USER_PATHS = NO;
				CLANG_ANALYZER_NONNULL = YES;
				CLANG_ANALYZER_NUMBER_OBJECT_CONVERSION = YES_AGGRESSIVE;
				CLANG_CXX_LANGUAGE_STANDARD = "gnu++14";
				CLANG_CXX_LIBRARY = "libc++";
				CLANG_ENABLE_MODULES = YES;
				CLANG_ENABLE_OBJC_ARC = YES;
				CLANG_ENABLE_OBJC_WEAK = YES;
				CLANG_WARN_BLOCK_CAPTURE_AUTORELEASING = YES;
				CLANG_WARN_BOOL_CONVERSION = YES;
				CLANG_WARN_COMMA = YES;
				CLANG_WARN_CONSTANT_CONVERSION = YES;
				CLANG_WARN_DEPRECATED_OBJC_IMPLEMENTATIONS = YES;
				CLANG_WARN_DIRECT_OBJC_ISA_USAGE = YES_ERROR;
				CLANG_WARN_DOCUMENTATION_COMMENTS = YES;
				CLANG_WARN_EMPTY_BODY = YES;
				CLANG_WARN_ENUM_CONVERSION = YES;
				CLANG_WARN_INFINITE_RECURSION = YES;
				CLANG_WARN_INT_CONVERSION = YES;
				CLANG_WARN_NON_LITERAL_NULL_CONVERSION = YES;
				CLANG_WARN_OBJC_IMPLICIT_RETAIN_SELF = YES;
				CLANG_WARN_OBJC_LITERAL_CONVERSION = YES;
				CLANG_WARN_OBJC_ROOT_CLASS = YES_ERROR;
				CLANG_WARN_QUOTED_INCLUDE_IN_FRAMEWORK_HEADER = YES;
				CLANG_WARN_RANGE_LOOP_ANALYSIS = YES;
				CLANG_WARN_STRICT_PROTOTYPES = YES;
				CLANG_WARN_SUSPICIOUS_MOVE = YES;
				CLANG_WARN_UNGUARDED_AVAILABILITY = YES_AGGRESSIVE;
				CLANG_WARN_UNREACHABLE_CODE = YES;
				CLANG_WARN__DUPLICATE_METHOD_MATCH = YES;
				COPY_PHASE_STRIP = NO;
				DEBUG_INFORMATION_FORMAT = dwarf;
				ENABLE_STRICT_OBJC_MSGSEND = YES;
				ENABLE_TESTABILITY = YES;
				GCC_C_LANGUAGE_STANDARD = gnu11;
				GCC_DYNAMIC_NO_PIC = NO;
				GCC_NO_COMMON_BLOCKS = YES;
				GCC_OPTIMIZATION_LEVEL = 0;
				GCC_PREPROCESSOR_DEFINITIONS = (
					"DEBUG=1",
					"$(inherited)",
				);
				GCC_WARN_64_TO_32_BIT_CONVERSION = YES;
				GCC_WARN_ABOUT_RETURN_TYPE = YES_ERROR;
				GCC_WARN_UNDECLARED_SELECTOR = YES;
				GCC_WARN_UNINITIALIZED_AUTOS = YES_AGGRESSIVE;
				GCC_WARN_UNUSED_FUNCTION = YES;
				GCC_WARN_UNUSED_VARIABLE = YES;
				IPHONEOS_DEPLOYMENT_TARGET = 14.5;
				MTL_ENABLE_DEBUG_INFO = INCLUDE_SOURCE;
				MTL_FAST_MATH = YES;
				ONLY_ACTIVE_ARCH = YES;
				SDKROOT = iphoneos;
				SWIFT_ACTIVE_COMPILATION_CONDITIONS = DEBUG;
				SWIFT_OPTIMIZATION_LEVEL = "-Onone";
			};
			name = Debug;
		};
		108CEA2927326B9500D754B5 /* Release */ = {
			isa = XCBuildConfiguration;
			buildSettings = {
				ALWAYS_SEARCH_USER_PATHS = NO;
				CLANG_ANALYZER_NONNULL = YES;
				CLANG_ANALYZER_NUMBER_OBJECT_CONVERSION = YES_AGGRESSIVE;
				CLANG_CXX_LANGUAGE_STANDARD = "gnu++14";
				CLANG_CXX_LIBRARY = "libc++";
				CLANG_ENABLE_MODULES = YES;
				CLANG_ENABLE_OBJC_ARC = YES;
				CLANG_ENABLE_OBJC_WEAK = YES;
				CLANG_WARN_BLOCK_CAPTURE_AUTORELEASING = YES;
				CLANG_WARN_BOOL_CONVERSION = YES;
				CLANG_WARN_COMMA = YES;
				CLANG_WARN_CONSTANT_CONVERSION = YES;
				CLANG_WARN_DEPRECATED_OBJC_IMPLEMENTATIONS = YES;
				CLANG_WARN_DIRECT_OBJC_ISA_USAGE = YES_ERROR;
				CLANG_WARN_DOCUMENTATION_COMMENTS = YES;
				CLANG_WARN_EMPTY_BODY = YES;
				CLANG_WARN_ENUM_CONVERSION = YES;
				CLANG_WARN_INFINITE_RECURSION = YES;
				CLANG_WARN_INT_CONVERSION = YES;
				CLANG_WARN_NON_LITERAL_NULL_CONVERSION = YES;
				CLANG_WARN_OBJC_IMPLICIT_RETAIN_SELF = YES;
				CLANG_WARN_OBJC_LITERAL_CONVERSION = YES;
				CLANG_WARN_OBJC_ROOT_CLASS = YES_ERROR;
				CLANG_WARN_QUOTED_INCLUDE_IN_FRAMEWORK_HEADER = YES;
				CLANG_WARN_RANGE_LOOP_ANALYSIS = YES;
				CLANG_WARN_STRICT_PROTOTYPES = YES;
				CLANG_WARN_SUSPICIOUS_MOVE = YES;
				CLANG_WARN_UNGUARDED_AVAILABILITY = YES_AGGRESSIVE;
				CLANG_WARN_UNREACHABLE_CODE = YES;
				CLANG_WARN__DUPLICATE_METHOD_MATCH = YES;
				COPY_PHASE_STRIP = NO;
				DEBUG_INFORMATION_FORMAT = "dwarf-with-dsym";
				ENABLE_NS_ASSERTIONS = NO;
				ENABLE_STRICT_OBJC_MSGSEND = YES;
				GCC_C_LANGUAGE_STANDARD = gnu11;
				GCC_NO_COMMON_BLOCKS = YES;
				GCC_WARN_64_TO_32_BIT_CONVERSION = YES;
				GCC_WARN_ABOUT_RETURN_TYPE = YES_ERROR;
				GCC_WARN_UNDECLARED_SELECTOR = YES;
				GCC_WARN_UNINITIALIZED_AUTOS = YES_AGGRESSIVE;
				GCC_WARN_UNUSED_FUNCTION = YES;
				GCC_WARN_UNUSED_VARIABLE = YES;
				IPHONEOS_DEPLOYMENT_TARGET = 14.5;
				MTL_ENABLE_DEBUG_INFO = NO;
				MTL_FAST_MATH = YES;
				SDKROOT = iphoneos;
				SWIFT_COMPILATION_MODE = wholemodule;
				SWIFT_OPTIMIZATION_LEVEL = "-O";
				VALIDATE_PRODUCT = YES;
			};
			name = Release;
		};
		108CEA2B27326B9500D754B5 /* Debug */ = {
			isa = XCBuildConfiguration;
			buildSettings = {
				ASSETCATALOG_COMPILER_APPICON_NAME = AppIcon;
				ASSETCATALOG_COMPILER_GLOBAL_ACCENT_COLOR_NAME = AccentColor;
				CODE_SIGN_STYLE = Automatic;
				DEVELOPMENT_TEAM = 8TC6NM65Z3;
				INFOPLIST_FILE = "prototype-Delegate-TextField-class/Info.plist";
				LD_RUNPATH_SEARCH_PATHS = (
					"$(inherited)",
					"@executable_path/Frameworks",
				);
				PRODUCT_BUNDLE_IDENTIFIER = "com.mohammed.prototype-Delegate-TextField-class";
				PRODUCT_NAME = "$(TARGET_NAME)";
				SWIFT_VERSION = 5.0;
				TARGETED_DEVICE_FAMILY = "1,2";
			};
			name = Debug;
		};
		108CEA2C27326B9500D754B5 /* Release */ = {
			isa = XCBuildConfiguration;
			buildSettings = {
				ASSETCATALOG_COMPILER_APPICON_NAME = AppIcon;
				ASSETCATALOG_COMPILER_GLOBAL_ACCENT_COLOR_NAME = AccentColor;
				CODE_SIGN_STYLE = Automatic;
				DEVELOPMENT_TEAM = 8TC6NM65Z3;
				INFOPLIST_FILE = "prototype-Delegate-TextField-class/Info.plist";
				LD_RUNPATH_SEARCH_PATHS = (
					"$(inherited)",
					"@executable_path/Frameworks",
				);
				PRODUCT_BUNDLE_IDENTIFIER = "com.mohammed.prototype-Delegate-TextField-class";
				PRODUCT_NAME = "$(TARGET_NAME)";
				SWIFT_VERSION = 5.0;
				TARGETED_DEVICE_FAMILY = "1,2";
			};
			name = Release;
		};
/* End XCBuildConfiguration section */

/* Begin XCConfigurationList section */
		108CEA1127326B9500D754B5 /* Build configuration list for PBXProject "prototype-Delegate-TextField-class" */ = {
			isa = XCConfigurationList;
			buildConfigurations = (
				108CEA2827326B9500D754B5 /* Debug */,
				108CEA2927326B9500D754B5 /* Release */,
			);
			defaultConfigurationIsVisible = 0;
			defaultConfigurationName = Release;
		};
		108CEA2A27326B9500D754B5 /* Build configuration list for PBXNativeTarget "prototype-Delegate-TextField-class" */ = {
			isa = XCConfigurationList;
			buildConfigurations = (
				108CEA2B27326B9500D754B5 /* Debug */,
				108CEA2C27326B9500D754B5 /* Release */,
			);
			defaultConfigurationIsVisible = 0;
			defaultConfigurationName = Release;
		};
/* End XCConfigurationList section */
	};
	rootObject = 108CEA0E27326B9500D754B5 /* Project object */;
}
