// !$*UTF8*$!
{
	archiveVersion = 1;
	classes = {
	};
	objectVersion = 50;
	objects = {

/* Begin PBXBuildFile section */
		00256EA427326AC000599DBC /* AppDelegate.swift in Sources */ = {isa = PBXBuildFile; fileRef = 00256EA327326AC000599DBC /* AppDelegate.swift */; };
		00256EA627326AC000599DBC /* SceneDelegate.swift in Sources */ = {isa = PBXBuildFile; fileRef = 00256EA527326AC000599DBC /* SceneDelegate.swift */; };
		00256EA827326AC000599DBC /* ViewController.swift in Sources */ = {isa = PBXBuildFile; fileRef = 00256EA727326AC000599DBC /* ViewController.swift */; };
		00256EAB27326AC000599DBC /* Main.storyboard in Resources */ = {isa = PBXBuildFile; fileRef = 00256EA927326AC000599DBC /* Main.storyboard */; };
		00256EAD27326AC100599DBC /* Assets.xcassets in Resources */ = {isa = PBXBuildFile; fileRef = 00256EAC27326AC100599DBC /* Assets.xcassets */; };
		00256EB027326AC100599DBC /* LaunchScreen.storyboard in Resources */ = {isa = PBXBuildFile; fileRef = 00256EAE27326AC100599DBC /* LaunchScreen.storyboard */; };
/* End PBXBuildFile section */

/* Begin PBXFileReference section */
		00256EA027326AC000599DBC /* Prototype-Delegate-Textfield-Areej_Alanze.app */ = {isa = PBXFileReference; explicitFileType = wrapper.application; includeInIndex = 0; path = "Prototype-Delegate-Textfield-Areej_Alanze.app"; sourceTree = BUILT_PRODUCTS_DIR; };
		00256EA327326AC000599DBC /* AppDelegate.swift */ = {isa = PBXFileReference; lastKnownFileType = sourcecode.swift; path = AppDelegate.swift; sourceTree = "<group>"; };
		00256EA527326AC000599DBC /* SceneDelegate.swift */ = {isa = PBXFileReference; lastKnownFileType = sourcecode.swift; path = SceneDelegate.swift; sourceTree = "<group>"; };
		00256EA727326AC000599DBC /* ViewController.swift */ = {isa = PBXFileReference; lastKnownFileType = sourcecode.swift; path = ViewController.swift; sourceTree = "<group>"; };
		00256EAA27326AC000599DBC /* Base */ = {isa = PBXFileReference; lastKnownFileType = file.storyboard; name = Base; path = Base.lproj/Main.storyboard; sourceTree = "<group>"; };
		00256EAC27326AC100599DBC /* Assets.xcassets */ = {isa = PBXFileReference; lastKnownFileType = folder.assetcatalog; path = Assets.xcassets; sourceTree = "<group>"; };
		00256EAF27326AC100599DBC /* Base */ = {isa = PBXFileReference; lastKnownFileType = file.storyboard; name = Base; path = Base.lproj/LaunchScreen.storyboard; sourceTree = "<group>"; };
		00256EB127326AC100599DBC /* Info.plist */ = {isa = PBXFileReference; lastKnownFileType = text.plist.xml; path = Info.plist; sourceTree = "<group>"; };
/* End PBXFileReference section */

/* Begin PBXFrameworksBuildPhase section */
		00256E9D27326AC000599DBC /* Frameworks */ = {
			isa = PBXFrameworksBuildPhase;
			buildActionMask = 2147483647;
			files = (
			);
			runOnlyForDeploymentPostprocessing = 0;
		};
/* End PBXFrameworksBuildPhase section */

/* Begin PBXGroup section */
		00256E9727326AC000599DBC = {
			isa = PBXGroup;
			children = (
				00256EA227326AC000599DBC /* Prototype-Delegate-Textfield-Areej_Alanze */,
				00256EA127326AC000599DBC /* Products */,
			);
			sourceTree = "<group>";
		};
		00256EA127326AC000599DBC /* Products */ = {
			isa = PBXGroup;
			children = (
				00256EA027326AC000599DBC /* Prototype-Delegate-Textfield-Areej_Alanze.app */,
			);
			name = Products;
			sourceTree = "<group>";
		};
		00256EA227326AC000599DBC /* Prototype-Delegate-Textfield-Areej_Alanze */ = {
			isa = PBXGroup;
			children = (
				00256EA327326AC000599DBC /* AppDelegate.swift */,
				00256EA527326AC000599DBC /* SceneDelegate.swift */,
				00256EA727326AC000599DBC /* ViewController.swift */,
				00256EA927326AC000599DBC /* Main.storyboard */,
				00256EAC27326AC100599DBC /* Assets.xcassets */,
				00256EAE27326AC100599DBC /* LaunchScreen.storyboard */,
				00256EB127326AC100599DBC /* Info.plist */,
			);
			path = "Prototype-Delegate-Textfield-Areej_Alanze";
			sourceTree = "<group>";
		};
/* End PBXGroup section */

/* Begin PBXNativeTarget section */
		00256E9F27326AC000599DBC /* Prototype-Delegate-Textfield-Areej_Alanze */ = {
			isa = PBXNativeTarget;
			buildConfigurationList = 00256EB427326AC100599DBC /* Build configuration list for PBXNativeTarget "Prototype-Delegate-Textfield-Areej_Alanze" */;
			buildPhases = (
				00256E9C27326AC000599DBC /* Sources */,
				00256E9D27326AC000599DBC /* Frameworks */,
				00256E9E27326AC000599DBC /* Resources */,
			);
			buildRules = (
			);
			dependencies = (
			);
			name = "Prototype-Delegate-Textfield-Areej_Alanze";
			productName = "Prototype-Delegate-Textfield-Areej_Alanze";
			productReference = 00256EA027326AC000599DBC /* Prototype-Delegate-Textfield-Areej_Alanze.app */;
			productType = "com.apple.product-type.application";
		};
/* End PBXNativeTarget section */

/* Begin PBXProject section */
		00256E9827326AC000599DBC /* Project object */ = {
			isa = PBXProject;
			attributes = {
				LastSwiftUpdateCheck = 1250;
				LastUpgradeCheck = 1250;
				TargetAttributes = {
					00256E9F27326AC000599DBC = {
						CreatedOnToolsVersion = 12.5;
					};
				};
			};
			buildConfigurationList = 00256E9B27326AC000599DBC /* Build configuration list for PBXProject "Prototype-Delegate-Textfield-Areej_Alanze" */;
			compatibilityVersion = "Xcode 9.3";
			developmentRegion = en;
			hasScannedForEncodings = 0;
			knownRegions = (
				en,
				Base,
			);
			mainGroup = 00256E9727326AC000599DBC;
			productRefGroup = 00256EA127326AC000599DBC /* Products */;
			projectDirPath = "";
			projectRoot = "";
			targets = (
				00256E9F27326AC000599DBC /* Prototype-Delegate-Textfield-Areej_Alanze */,
			);
		};
/* End PBXProject section */

/* Begin PBXResourcesBuildPhase section */
		00256E9E27326AC000599DBC /* Resources */ = {
			isa = PBXResourcesBuildPhase;
			buildActionMask = 2147483647;
			files = (
				00256EB027326AC100599DBC /* LaunchScreen.storyboard in Resources */,
				00256EAD27326AC100599DBC /* Assets.xcassets in Resources */,
				00256EAB27326AC000599DBC /* Main.storyboard in Resources */,
			);
			runOnlyForDeploymentPostprocessing = 0;
		};
/* End PBXResourcesBuildPhase section */

/* Begin PBXSourcesBuildPhase section */
		00256E9C27326AC000599DBC /* Sources */ = {
			isa = PBXSourcesBuildPhase;
			buildActionMask = 2147483647;
			files = (
				00256EA827326AC000599DBC /* ViewController.swift in Sources */,
				00256EA427326AC000599DBC /* AppDelegate.swift in Sources */,
				00256EA627326AC000599DBC /* SceneDelegate.swift in Sources */,
			);
			runOnlyForDeploymentPostprocessing = 0;
		};
/* End PBXSourcesBuildPhase section */

/* Begin PBXVariantGroup section */
		00256EA927326AC000599DBC /* Main.storyboard */ = {
			isa = PBXVariantGroup;
			children = (
				00256EAA27326AC000599DBC /* Base */,
			);
			name = Main.storyboard;
			sourceTree = "<group>";
		};
		00256EAE27326AC100599DBC /* LaunchScreen.storyboard */ = {
			isa = PBXVariantGroup;
			children = (
				00256EAF27326AC100599DBC /* Base */,
			);
			name = LaunchScreen.storyboard;
			sourceTree = "<group>";
		};
/* End PBXVariantGroup section */

/* Begin XCBuildConfiguration section */
		00256EB227326AC100599DBC /* Debug */ = {
			isa = XCBuildConfiguration;
			buildSettings = {
				ALWAYS_SEARCH_USER_PATHS = NO;
				CLANG_ANALYZER_NONNULL = YES;
				CLANG_ANALYZER_NUMBER_OBJECT_CONVERSION = YES_AGGRESSIVE;
				CLANG_CXX_LANGUAGE_STANDARD = "gnu++14";
				CLANG_CXX_LIBRARY = "libc++";
				CLANG_ENABLE_MODULES = YES;
				CLANG_ENABLE_OBJC_ARC = YES;
				CLANG_ENABLE_OBJC_WEAK = YES;
				CLANG_WARN_BLOCK_CAPTURE_AUTORELEASING = YES;
				CLANG_WARN_BOOL_CONVERSION = YES;
				CLANG_WARN_COMMA = YES;
				CLANG_WARN_CONSTANT_CONVERSION = YES;
				CLANG_WARN_DEPRECATED_OBJC_IMPLEMENTATIONS = YES;
				CLANG_WARN_DIRECT_OBJC_ISA_USAGE = YES_ERROR;
				CLANG_WARN_DOCUMENTATION_COMMENTS = YES;
				CLANG_WARN_EMPTY_BODY = YES;
				CLANG_WARN_ENUM_CONVERSION = YES;
				CLANG_WARN_INFINITE_RECURSION = YES;
				CLANG_WARN_INT_CONVERSION = YES;
				CLANG_WARN_NON_LITERAL_NULL_CONVERSION = YES;
				CLANG_WARN_OBJC_IMPLICIT_RETAIN_SELF = YES;
				CLANG_WARN_OBJC_LITERAL_CONVERSION = YES;
				CLANG_WARN_OBJC_ROOT_CLASS = YES_ERROR;
				CLANG_WARN_QUOTED_INCLUDE_IN_FRAMEWORK_HEADER = YES;
				CLANG_WARN_RANGE_LOOP_ANALYSIS = YES;
				CLANG_WARN_STRICT_PROTOTYPES = YES;
				CLANG_WARN_SUSPICIOUS_MOVE = YES;
				CLANG_WARN_UNGUARDED_AVAILABILITY = YES_AGGRESSIVE;
				CLANG_WARN_UNREACHABLE_CODE = YES;
				CLANG_WARN__DUPLICATE_METHOD_MATCH = YES;
				COPY_PHASE_STRIP = NO;
				DEBUG_INFORMATION_FORMAT = dwarf;
				ENABLE_STRICT_OBJC_MSGSEND = YES;
				ENABLE_TESTABILITY = YES;
				GCC_C_LANGUAGE_STANDARD = gnu11;
				GCC_DYNAMIC_NO_PIC = NO;
				GCC_NO_COMMON_BLOCKS = YES;
				GCC_OPTIMIZATION_LEVEL = 0;
				GCC_PREPROCESSOR_DEFINITIONS = (
					"DEBUG=1",
					"$(inherited)",
				);
				GCC_WARN_64_TO_32_BIT_CONVERSION = YES;
				GCC_WARN_ABOUT_RETURN_TYPE = YES_ERROR;
				GCC_WARN_UNDECLARED_SELECTOR = YES;
				GCC_WARN_UNINITIALIZED_AUTOS = YES_AGGRESSIVE;
				GCC_WARN_UNUSED_FUNCTION = YES;
				GCC_WARN_UNUSED_VARIABLE = YES;
				IPHONEOS_DEPLOYMENT_TARGET = 14.5;
				MTL_ENABLE_DEBUG_INFO = INCLUDE_SOURCE;
				MTL_FAST_MATH = YES;
				ONLY_ACTIVE_ARCH = YES;
				SDKROOT = iphoneos;
				SWIFT_ACTIVE_COMPILATION_CONDITIONS = DEBUG;
				SWIFT_OPTIMIZATION_LEVEL = "-Onone";
			};
			name = Debug;
		};
		00256EB327326AC100599DBC /* Release */ = {
			isa = XCBuildConfiguration;
			buildSettings = {
				ALWAYS_SEARCH_USER_PATHS = NO;
				CLANG_ANALYZER_NONNULL = YES;
				CLANG_ANALYZER_NUMBER_OBJECT_CONVERSION = YES_AGGRESSIVE;
				CLANG_CXX_LANGUAGE_STANDARD = "gnu++14";
				CLANG_CXX_LIBRARY = "libc++";
				CLANG_ENABLE_MODULES = YES;
				CLANG_ENABLE_OBJC_ARC = YES;
				CLANG_ENABLE_OBJC_WEAK = YES;
				CLANG_WARN_BLOCK_CAPTURE_AUTORELEASING = YES;
				CLANG_WARN_BOOL_CONVERSION = YES;
				CLANG_WARN_COMMA = YES;
				CLANG_WARN_CONSTANT_CONVERSION = YES;
				CLANG_WARN_DEPRECATED_OBJC_IMPLEMENTATIONS = YES;
				CLANG_WARN_DIRECT_OBJC_ISA_USAGE = YES_ERROR;
				CLANG_WARN_DOCUMENTATION_COMMENTS = YES;
				CLANG_WARN_EMPTY_BODY = YES;
				CLANG_WARN_ENUM_CONVERSION = YES;
				CLANG_WARN_INFINITE_RECURSION = YES;
				CLANG_WARN_INT_CONVERSION = YES;
				CLANG_WARN_NON_LITERAL_NULL_CONVERSION = YES;
				CLANG_WARN_OBJC_IMPLICIT_RETAIN_SELF = YES;
				CLANG_WARN_OBJC_LITERAL_CONVERSION = YES;
				CLANG_WARN_OBJC_ROOT_CLASS = YES_ERROR;
				CLANG_WARN_QUOTED_INCLUDE_IN_FRAMEWORK_HEADER = YES;
				CLANG_WARN_RANGE_LOOP_ANALYSIS = YES;
				CLANG_WARN_STRICT_PROTOTYPES = YES;
				CLANG_WARN_SUSPICIOUS_MOVE = YES;
				CLANG_WARN_UNGUARDED_AVAILABILITY = YES_AGGRESSIVE;
				CLANG_WARN_UNREACHABLE_CODE = YES;
				CLANG_WARN__DUPLICATE_METHOD_MATCH = YES;
				COPY_PHASE_STRIP = NO;
				DEBUG_INFORMATION_FORMAT = "dwarf-with-dsym";
				ENABLE_NS_ASSERTIONS = NO;
				ENABLE_STRICT_OBJC_MSGSEND = YES;
				GCC_C_LANGUAGE_STANDARD = gnu11;
				GCC_NO_COMMON_BLOCKS = YES;
				GCC_WARN_64_TO_32_BIT_CONVERSION = YES;
				GCC_WARN_ABOUT_RETURN_TYPE = YES_ERROR;
				GCC_WARN_UNDECLARED_SELECTOR = YES;
				GCC_WARN_UNINITIALIZED_AUTOS = YES_AGGRESSIVE;
				GCC_WARN_UNUSED_FUNCTION = YES;
				GCC_WARN_UNUSED_VARIABLE = YES;
				IPHONEOS_DEPLOYMENT_TARGET = 14.5;
				MTL_ENABLE_DEBUG_INFO = NO;
				MTL_FAST_MATH = YES;
				SDKROOT = iphoneos;
				SWIFT_COMPILATION_MODE = wholemodule;
				SWIFT_OPTIMIZATION_LEVEL = "-O";
				VALIDATE_PRODUCT = YES;
			};
			name = Release;
		};
		00256EB527326AC100599DBC /* Debug */ = {
			isa = XCBuildConfiguration;
			buildSettings = {
				ASSETCATALOG_COMPILER_APPICON_NAME = AppIcon;
				ASSETCATALOG_COMPILER_GLOBAL_ACCENT_COLOR_NAME = AccentColor;
				CODE_SIGN_STYLE = Automatic;
				DEVELOPMENT_TEAM = U95YF74XMG;
				INFOPLIST_FILE = "Prototype-Delegate-Textfield-Areej_Alanze/Info.plist";
				LD_RUNPATH_SEARCH_PATHS = (
					"$(inherited)",
					"@executable_path/Frameworks",
				);
				PRODUCT_BUNDLE_IDENTIFIER = "com.areej.Prototype-Delegate-Textfield-Areej-Alanze";
				PRODUCT_NAME = "$(TARGET_NAME)";
				SWIFT_VERSION = 5.0;
				TARGETED_DEVICE_FAMILY = "1,2";
			};
			name = Debug;
		};
		00256EB627326AC100599DBC /* Release */ = {
			isa = XCBuildConfiguration;
			buildSettings = {
				ASSETCATALOG_COMPILER_APPICON_NAME = AppIcon;
				ASSETCATALOG_COMPILER_GLOBAL_ACCENT_COLOR_NAME = AccentColor;
				CODE_SIGN_STYLE = Automatic;
				DEVELOPMENT_TEAM = U95YF74XMG;
				INFOPLIST_FILE = "Prototype-Delegate-Textfield-Areej_Alanze/Info.plist";
				LD_RUNPATH_SEARCH_PATHS = (
					"$(inherited)",
					"@executable_path/Frameworks",
				);
				PRODUCT_BUNDLE_IDENTIFIER = "com.areej.Prototype-Delegate-Textfield-Areej-Alanze";
				PRODUCT_NAME = "$(TARGET_NAME)";
				SWIFT_VERSION = 5.0;
				TARGETED_DEVICE_FAMILY = "1,2";
			};
			name = Release;
		};
/* End XCBuildConfiguration section */

/* Begin XCConfigurationList section */
		00256E9B27326AC000599DBC /* Build configuration list for PBXProject "Prototype-Delegate-Textfield-Areej_Alanze" */ = {
			isa = XCConfigurationList;
			buildConfigurations = (
				00256EB227326AC100599DBC /* Debug */,
				00256EB327326AC100599DBC /* Release */,
			);
			defaultConfigurationIsVisible = 0;
			defaultConfigurationName = Release;
		};
		00256EB427326AC100599DBC /* Build configuration list for PBXNativeTarget "Prototype-Delegate-Textfield-Areej_Alanze" */ = {
			isa = XCConfigurationList;
			buildConfigurations = (
				00256EB527326AC100599DBC /* Debug */,
				00256EB627326AC100599DBC /* Release */,
			);
			defaultConfigurationIsVisible = 0;
			defaultConfigurationName = Release;
		};
/* End XCConfigurationList section */
	};
	rootObject = 00256E9827326AC000599DBC /* Project object */;
}
