// !$*UTF8*$!
{
	archiveVersion = 1;
	classes = {
	};
	objectVersion = 50;
	objects = {

/* Begin PBXBuildFile section */
		BF514AA52733A01900BA7A10 /* AppDelegate.swift in Sources */ = {isa = PBXBuildFile; fileRef = BF514AA42733A01900BA7A10 /* AppDelegate.swift */; };
		BF514AA72733A01900BA7A10 /* SceneDelegate.swift in Sources */ = {isa = PBXBuildFile; fileRef = BF514AA62733A01900BA7A10 /* SceneDelegate.swift */; };
		BF514AA92733A01900BA7A10 /* ViewController.swift in Sources */ = {isa = PBXBuildFile; fileRef = BF514AA82733A01900BA7A10 /* ViewController.swift */; };
		BF514AAC2733A01900BA7A10 /* Main.storyboard in Resources */ = {isa = PBXBuildFile; fileRef = BF514AAA2733A01900BA7A10 /* Main.storyboard */; };
		BF514AAE2733A01B00BA7A10 /* Assets.xcassets in Resources */ = {isa = PBXBuildFile; fileRef = BF514AAD2733A01B00BA7A10 /* Assets.xcassets */; };
		BF514AB12733A01B00BA7A10 /* LaunchScreen.storyboard in Resources */ = {isa = PBXBuildFile; fileRef = BF514AAF2733A01B00BA7A10 /* LaunchScreen.storyboard */; };
/* End PBXBuildFile section */

/* Begin PBXFileReference section */
		BF514AA12733A01900BA7A10 /* Prototype-Delegate-TwxtFledl.app */ = {isa = PBXFileReference; explicitFileType = wrapper.application; includeInIndex = 0; path = "Prototype-Delegate-TwxtFledl.app"; sourceTree = BUILT_PRODUCTS_DIR; };
		BF514AA42733A01900BA7A10 /* AppDelegate.swift */ = {isa = PBXFileReference; lastKnownFileType = sourcecode.swift; path = AppDelegate.swift; sourceTree = "<group>"; };
		BF514AA62733A01900BA7A10 /* SceneDelegate.swift */ = {isa = PBXFileReference; lastKnownFileType = sourcecode.swift; path = SceneDelegate.swift; sourceTree = "<group>"; };
		BF514AA82733A01900BA7A10 /* ViewController.swift */ = {isa = PBXFileReference; lastKnownFileType = sourcecode.swift; path = ViewController.swift; sourceTree = "<group>"; };
		BF514AAB2733A01900BA7A10 /* Base */ = {isa = PBXFileReference; lastKnownFileType = file.storyboard; name = Base; path = Base.lproj/Main.storyboard; sourceTree = "<group>"; };
		BF514AAD2733A01B00BA7A10 /* Assets.xcassets */ = {isa = PBXFileReference; lastKnownFileType = folder.assetcatalog; path = Assets.xcassets; sourceTree = "<group>"; };
		BF514AB02733A01B00BA7A10 /* Base */ = {isa = PBXFileReference; lastKnownFileType = file.storyboard; name = Base; path = Base.lproj/LaunchScreen.storyboard; sourceTree = "<group>"; };
		BF514AB22733A01B00BA7A10 /* Info.plist */ = {isa = PBXFileReference; lastKnownFileType = text.plist.xml; path = Info.plist; sourceTree = "<group>"; };
/* End PBXFileReference section */

/* Begin PBXFrameworksBuildPhase section */
		BF514A9E2733A01900BA7A10 /* Frameworks */ = {
			isa = PBXFrameworksBuildPhase;
			buildActionMask = 2147483647;
			files = (
			);
			runOnlyForDeploymentPostprocessing = 0;
		};
/* End PBXFrameworksBuildPhase section */

/* Begin PBXGroup section */
		BF514A982733A01900BA7A10 = {
			isa = PBXGroup;
			children = (
				BF514AA32733A01900BA7A10 /* Prototype-Delegate-TwxtFledl */,
				BF514AA22733A01900BA7A10 /* Products */,
			);
			sourceTree = "<group>";
		};
		BF514AA22733A01900BA7A10 /* Products */ = {
			isa = PBXGroup;
			children = (
				BF514AA12733A01900BA7A10 /* Prototype-Delegate-TwxtFledl.app */,
			);
			name = Products;
			sourceTree = "<group>";
		};
		BF514AA32733A01900BA7A10 /* Prototype-Delegate-TwxtFledl */ = {
			isa = PBXGroup;
			children = (
				BF514AA42733A01900BA7A10 /* AppDelegate.swift */,
				BF514AA62733A01900BA7A10 /* SceneDelegate.swift */,
				BF514AA82733A01900BA7A10 /* ViewController.swift */,
				BF514AAA2733A01900BA7A10 /* Main.storyboard */,
				BF514AAD2733A01B00BA7A10 /* Assets.xcassets */,
				BF514AAF2733A01B00BA7A10 /* LaunchScreen.storyboard */,
				BF514AB22733A01B00BA7A10 /* Info.plist */,
			);
			path = "Prototype-Delegate-TwxtFledl";
			sourceTree = "<group>";
		};
/* End PBXGroup section */

/* Begin PBXNativeTarget section */
		BF514AA02733A01900BA7A10 /* Prototype-Delegate-TwxtFledl */ = {
			isa = PBXNativeTarget;
			buildConfigurationList = BF514AB52733A01B00BA7A10 /* Build configuration list for PBXNativeTarget "Prototype-Delegate-TwxtFledl" */;
			buildPhases = (
				BF514A9D2733A01900BA7A10 /* Sources */,
				BF514A9E2733A01900BA7A10 /* Frameworks */,
				BF514A9F2733A01900BA7A10 /* Resources */,
			);
			buildRules = (
			);
			dependencies = (
			);
			name = "Prototype-Delegate-TwxtFledl";
			productName = "Prototype-Delegate-TwxtFledl";
			productReference = BF514AA12733A01900BA7A10 /* Prototype-Delegate-TwxtFledl.app */;
			productType = "com.apple.product-type.application";
		};
/* End PBXNativeTarget section */

/* Begin PBXProject section */
		BF514A992733A01900BA7A10 /* Project object */ = {
			isa = PBXProject;
			attributes = {
				LastSwiftUpdateCheck = 1250;
				LastUpgradeCheck = 1250;
				TargetAttributes = {
					BF514AA02733A01900BA7A10 = {
						CreatedOnToolsVersion = 12.5;
					};
				};
			};
			buildConfigurationList = BF514A9C2733A01900BA7A10 /* Build configuration list for PBXProject "Prototype-Delegate-TwxtFledl" */;
			compatibilityVersion = "Xcode 9.3";
			developmentRegion = en;
			hasScannedForEncodings = 0;
			knownRegions = (
				en,
				Base,
			);
			mainGroup = BF514A982733A01900BA7A10;
			productRefGroup = BF514AA22733A01900BA7A10 /* Products */;
			projectDirPath = "";
			projectRoot = "";
			targets = (
				BF514AA02733A01900BA7A10 /* Prototype-Delegate-TwxtFledl */,
			);
		};
/* End PBXProject section */

/* Begin PBXResourcesBuildPhase section */
		BF514A9F2733A01900BA7A10 /* Resources */ = {
			isa = PBXResourcesBuildPhase;
			buildActionMask = 2147483647;
			files = (
				BF514AB12733A01B00BA7A10 /* LaunchScreen.storyboard in Resources */,
				BF514AAE2733A01B00BA7A10 /* Assets.xcassets in Resources */,
				BF514AAC2733A01900BA7A10 /* Main.storyboard in Resources */,
			);
			runOnlyForDeploymentPostprocessing = 0;
		};
/* End PBXResourcesBuildPhase section */

/* Begin PBXSourcesBuildPhase section */
		BF514A9D2733A01900BA7A10 /* Sources */ = {
			isa = PBXSourcesBuildPhase;
			buildActionMask = 2147483647;
			files = (
				BF514AA92733A01900BA7A10 /* ViewController.swift in Sources */,
				BF514AA52733A01900BA7A10 /* AppDelegate.swift in Sources */,
				BF514AA72733A01900BA7A10 /* SceneDelegate.swift in Sources */,
			);
			runOnlyForDeploymentPostprocessing = 0;
		};
/* End PBXSourcesBuildPhase section */

/* Begin PBXVariantGroup section */
		BF514AAA2733A01900BA7A10 /* Main.storyboard */ = {
			isa = PBXVariantGroup;
			children = (
				BF514AAB2733A01900BA7A10 /* Base */,
			);
			name = Main.storyboard;
			sourceTree = "<group>";
		};
		BF514AAF2733A01B00BA7A10 /* LaunchScreen.storyboard */ = {
			isa = PBXVariantGroup;
			children = (
				BF514AB02733A01B00BA7A10 /* Base */,
			);
			name = LaunchScreen.storyboard;
			sourceTree = "<group>";
		};
/* End PBXVariantGroup section */

/* Begin XCBuildConfiguration section */
		BF514AB32733A01B00BA7A10 /* Debug */ = {
			isa = XCBuildConfiguration;
			buildSettings = {
				ALWAYS_SEARCH_USER_PATHS = NO;
				CLANG_ANALYZER_NONNULL = YES;
				CLANG_ANALYZER_NUMBER_OBJECT_CONVERSION = YES_AGGRESSIVE;
				CLANG_CXX_LANGUAGE_STANDARD = "gnu++14";
				CLANG_CXX_LIBRARY = "libc++";
				CLANG_ENABLE_MODULES = YES;
				CLANG_ENABLE_OBJC_ARC = YES;
				CLANG_ENABLE_OBJC_WEAK = YES;
				CLANG_WARN_BLOCK_CAPTURE_AUTORELEASING = YES;
				CLANG_WARN_BOOL_CONVERSION = YES;
				CLANG_WARN_COMMA = YES;
				CLANG_WARN_CONSTANT_CONVERSION = YES;
				CLANG_WARN_DEPRECATED_OBJC_IMPLEMENTATIONS = YES;
				CLANG_WARN_DIRECT_OBJC_ISA_USAGE = YES_ERROR;
				CLANG_WARN_DOCUMENTATION_COMMENTS = YES;
				CLANG_WARN_EMPTY_BODY = YES;
				CLANG_WARN_ENUM_CONVERSION = YES;
				CLANG_WARN_INFINITE_RECURSION = YES;
				CLANG_WARN_INT_CONVERSION = YES;
				CLANG_WARN_NON_LITERAL_NULL_CONVERSION = YES;
				CLANG_WARN_OBJC_IMPLICIT_RETAIN_SELF = YES;
				CLANG_WARN_OBJC_LITERAL_CONVERSION = YES;
				CLANG_WARN_OBJC_ROOT_CLASS = YES_ERROR;
				CLANG_WARN_QUOTED_INCLUDE_IN_FRAMEWORK_HEADER = YES;
				CLANG_WARN_RANGE_LOOP_ANALYSIS = YES;
				CLANG_WARN_STRICT_PROTOTYPES = YES;
				CLANG_WARN_SUSPICIOUS_MOVE = YES;
				CLANG_WARN_UNGUARDED_AVAILABILITY = YES_AGGRESSIVE;
				CLANG_WARN_UNREACHABLE_CODE = YES;
				CLANG_WARN__DUPLICATE_METHOD_MATCH = YES;
				COPY_PHASE_STRIP = NO;
				DEBUG_INFORMATION_FORMAT = dwarf;
				ENABLE_STRICT_OBJC_MSGSEND = YES;
				ENABLE_TESTABILITY = YES;
				GCC_C_LANGUAGE_STANDARD = gnu11;
				GCC_DYNAMIC_NO_PIC = NO;
				GCC_NO_COMMON_BLOCKS = YES;
				GCC_OPTIMIZATION_LEVEL = 0;
				GCC_PREPROCESSOR_DEFINITIONS = (
					"DEBUG=1",
					"$(inherited)",
				);
				GCC_WARN_64_TO_32_BIT_CONVERSION = YES;
				GCC_WARN_ABOUT_RETURN_TYPE = YES_ERROR;
				GCC_WARN_UNDECLARED_SELECTOR = YES;
				GCC_WARN_UNINITIALIZED_AUTOS = YES_AGGRESSIVE;
				GCC_WARN_UNUSED_FUNCTION = YES;
				GCC_WARN_UNUSED_VARIABLE = YES;
				IPHONEOS_DEPLOYMENT_TARGET = 14.5;
				MTL_ENABLE_DEBUG_INFO = INCLUDE_SOURCE;
				MTL_FAST_MATH = YES;
				ONLY_ACTIVE_ARCH = YES;
				SDKROOT = iphoneos;
				SWIFT_ACTIVE_COMPILATION_CONDITIONS = DEBUG;
				SWIFT_OPTIMIZATION_LEVEL = "-Onone";
			};
			name = Debug;
		};
		BF514AB42733A01B00BA7A10 /* Release */ = {
			isa = XCBuildConfiguration;
			buildSettings = {
				ALWAYS_SEARCH_USER_PATHS = NO;
				CLANG_ANALYZER_NONNULL = YES;
				CLANG_ANALYZER_NUMBER_OBJECT_CONVERSION = YES_AGGRESSIVE;
				CLANG_CXX_LANGUAGE_STANDARD = "gnu++14";
				CLANG_CXX_LIBRARY = "libc++";
				CLANG_ENABLE_MODULES = YES;
				CLANG_ENABLE_OBJC_ARC = YES;
				CLANG_ENABLE_OBJC_WEAK = YES;
				CLANG_WARN_BLOCK_CAPTURE_AUTORELEASING = YES;
				CLANG_WARN_BOOL_CONVERSION = YES;
				CLANG_WARN_COMMA = YES;
				CLANG_WARN_CONSTANT_CONVERSION = YES;
				CLANG_WARN_DEPRECATED_OBJC_IMPLEMENTATIONS = YES;
				CLANG_WARN_DIRECT_OBJC_ISA_USAGE = YES_ERROR;
				CLANG_WARN_DOCUMENTATION_COMMENTS = YES;
				CLANG_WARN_EMPTY_BODY = YES;
				CLANG_WARN_ENUM_CONVERSION = YES;
				CLANG_WARN_INFINITE_RECURSION = YES;
				CLANG_WARN_INT_CONVERSION = YES;
				CLANG_WARN_NON_LITERAL_NULL_CONVERSION = YES;
				CLANG_WARN_OBJC_IMPLICIT_RETAIN_SELF = YES;
				CLANG_WARN_OBJC_LITERAL_CONVERSION = YES;
				CLANG_WARN_OBJC_ROOT_CLASS = YES_ERROR;
				CLANG_WARN_QUOTED_INCLUDE_IN_FRAMEWORK_HEADER = YES;
				CLANG_WARN_RANGE_LOOP_ANALYSIS = YES;
				CLANG_WARN_STRICT_PROTOTYPES = YES;
				CLANG_WARN_SUSPICIOUS_MOVE = YES;
				CLANG_WARN_UNGUARDED_AVAILABILITY = YES_AGGRESSIVE;
				CLANG_WARN_UNREACHABLE_CODE = YES;
				CLANG_WARN__DUPLICATE_METHOD_MATCH = YES;
				COPY_PHASE_STRIP = NO;
				DEBUG_INFORMATION_FORMAT = "dwarf-with-dsym";
				ENABLE_NS_ASSERTIONS = NO;
				ENABLE_STRICT_OBJC_MSGSEND = YES;
				GCC_C_LANGUAGE_STANDARD = gnu11;
				GCC_NO_COMMON_BLOCKS = YES;
				GCC_WARN_64_TO_32_BIT_CONVERSION = YES;
				GCC_WARN_ABOUT_RETURN_TYPE = YES_ERROR;
				GCC_WARN_UNDECLARED_SELECTOR = YES;
				GCC_WARN_UNINITIALIZED_AUTOS = YES_AGGRESSIVE;
				GCC_WARN_UNUSED_FUNCTION = YES;
				GCC_WARN_UNUSED_VARIABLE = YES;
				IPHONEOS_DEPLOYMENT_TARGET = 14.5;
				MTL_ENABLE_DEBUG_INFO = NO;
				MTL_FAST_MATH = YES;
				SDKROOT = iphoneos;
				SWIFT_COMPILATION_MODE = wholemodule;
				SWIFT_OPTIMIZATION_LEVEL = "-O";
				VALIDATE_PRODUCT = YES;
			};
			name = Release;
		};
		BF514AB62733A01B00BA7A10 /* Debug */ = {
			isa = XCBuildConfiguration;
			buildSettings = {
				ASSETCATALOG_COMPILER_APPICON_NAME = AppIcon;
				ASSETCATALOG_COMPILER_GLOBAL_ACCENT_COLOR_NAME = AccentColor;
				CODE_SIGN_STYLE = Automatic;
				DEVELOPMENT_TEAM = 8CVXW7BRYZ;
				INFOPLIST_FILE = "Prototype-Delegate-TwxtFledl/Info.plist";
				LD_RUNPATH_SEARCH_PATHS = (
					"$(inherited)",
					"@executable_path/Frameworks",
				);
				PRODUCT_BUNDLE_IDENTIFIER = "Arwa.Prototype-Delegate-TwxtFledl";
				PRODUCT_NAME = "$(TARGET_NAME)";
				SWIFT_VERSION = 5.0;
				TARGETED_DEVICE_FAMILY = "1,2";
			};
			name = Debug;
		};
		BF514AB72733A01B00BA7A10 /* Release */ = {
			isa = XCBuildConfiguration;
			buildSettings = {
				ASSETCATALOG_COMPILER_APPICON_NAME = AppIcon;
				ASSETCATALOG_COMPILER_GLOBAL_ACCENT_COLOR_NAME = AccentColor;
				CODE_SIGN_STYLE = Automatic;
				DEVELOPMENT_TEAM = 8CVXW7BRYZ;
				INFOPLIST_FILE = "Prototype-Delegate-TwxtFledl/Info.plist";
				LD_RUNPATH_SEARCH_PATHS = (
					"$(inherited)",
					"@executable_path/Frameworks",
				);
				PRODUCT_BUNDLE_IDENTIFIER = "Arwa.Prototype-Delegate-TwxtFledl";
				PRODUCT_NAME = "$(TARGET_NAME)";
				SWIFT_VERSION = 5.0;
				TARGETED_DEVICE_FAMILY = "1,2";
			};
			name = Release;
		};
/* End XCBuildConfiguration section */

/* Begin XCConfigurationList section */
		BF514A9C2733A01900BA7A10 /* Build configuration list for PBXProject "Prototype-Delegate-TwxtFledl" */ = {
			isa = XCConfigurationList;
			buildConfigurations = (
				BF514AB32733A01B00BA7A10 /* Debug */,
				BF514AB42733A01B00BA7A10 /* Release */,
			);
			defaultConfigurationIsVisible = 0;
			defaultConfigurationName = Release;
		};
		BF514AB52733A01B00BA7A10 /* Build configuration list for PBXNativeTarget "Prototype-Delegate-TwxtFledl" */ = {
			isa = XCConfigurationList;
			buildConfigurations = (
				BF514AB62733A01B00BA7A10 /* Debug */,
				BF514AB72733A01B00BA7A10 /* Release */,
			);
			defaultConfigurationIsVisible = 0;
			defaultConfigurationName = Release;
		};
/* End XCConfigurationList section */
	};
	rootObject = BF514A992733A01900BA7A10 /* Project object */;
}
