// !$*UTF8*$!
{
	archiveVersion = 1;
	classes = {
	};
	objectVersion = 54;
	objects = {

/* Begin PBXBuildFile section */
		27A67DF127326B2300183AE9 /* AppDelegate.swift in Sources */ = {isa = PBXBuildFile; fileRef = 27A67DF027326B2300183AE9 /* AppDelegate.swift */; };
		27A67DF327326B2300183AE9 /* SceneDelegate.swift in Sources */ = {isa = PBXBuildFile; fileRef = 27A67DF227326B2300183AE9 /* SceneDelegate.swift */; };
		27A67DF527326B2300183AE9 /* ViewController.swift in Sources */ = {isa = PBXBuildFile; fileRef = 27A67DF427326B2300183AE9 /* ViewController.swift */; };
		27A67DF827326B2300183AE9 /* Main.storyboard in Resources */ = {isa = PBXBuildFile; fileRef = 27A67DF627326B2300183AE9 /* Main.storyboard */; };
		27A67DFA27326B2400183AE9 /* Assets.xcassets in Resources */ = {isa = PBXBuildFile; fileRef = 27A67DF927326B2400183AE9 /* Assets.xcassets */; };
		27A67DFD27326B2400183AE9 /* LaunchScreen.storyboard in Resources */ = {isa = PBXBuildFile; fileRef = 27A67DFB27326B2400183AE9 /* LaunchScreen.storyboard */; };
/* End PBXBuildFile section */

/* Begin PBXFileReference section */
		27A67DED27326B2300183AE9 /* prototype-Delegate-TextField-mohaamed_ALatawi.app */ = {isa = PBXFileReference; explicitFileType = wrapper.application; includeInIndex = 0; path = "prototype-Delegate-TextField-mohaamed_ALatawi.app"; sourceTree = BUILT_PRODUCTS_DIR; };
		27A67DF027326B2300183AE9 /* AppDelegate.swift */ = {isa = PBXFileReference; lastKnownFileType = sourcecode.swift; path = AppDelegate.swift; sourceTree = "<group>"; };
		27A67DF227326B2300183AE9 /* SceneDelegate.swift */ = {isa = PBXFileReference; lastKnownFileType = sourcecode.swift; path = SceneDelegate.swift; sourceTree = "<group>"; };
		27A67DF427326B2300183AE9 /* ViewController.swift */ = {isa = PBXFileReference; lastKnownFileType = sourcecode.swift; path = ViewController.swift; sourceTree = "<group>"; };
		27A67DF727326B2300183AE9 /* Base */ = {isa = PBXFileReference; lastKnownFileType = file.storyboard; name = Base; path = Base.lproj/Main.storyboard; sourceTree = "<group>"; };
		27A67DF927326B2400183AE9 /* Assets.xcassets */ = {isa = PBXFileReference; lastKnownFileType = folder.assetcatalog; path = Assets.xcassets; sourceTree = "<group>"; };
		27A67DFC27326B2400183AE9 /* Base */ = {isa = PBXFileReference; lastKnownFileType = file.storyboard; name = Base; path = Base.lproj/LaunchScreen.storyboard; sourceTree = "<group>"; };
		27A67DFE27326B2400183AE9 /* Info.plist */ = {isa = PBXFileReference; lastKnownFileType = text.plist.xml; path = Info.plist; sourceTree = "<group>"; };
/* End PBXFileReference section */

/* Begin PBXFrameworksBuildPhase section */
		27A67DEA27326B2300183AE9 /* Frameworks */ = {
			isa = PBXFrameworksBuildPhase;
			buildActionMask = 2147483647;
			files = (
			);
			runOnlyForDeploymentPostprocessing = 0;
		};
/* End PBXFrameworksBuildPhase section */

/* Begin PBXGroup section */
		27A67DE427326B2300183AE9 = {
			isa = PBXGroup;
			children = (
				27A67DEF27326B2300183AE9 /* prototype-Delegate-TextField-mohaamed_ALatawi */,
				27A67DEE27326B2300183AE9 /* Products */,
			);
			sourceTree = "<group>";
		};
		27A67DEE27326B2300183AE9 /* Products */ = {
			isa = PBXGroup;
			children = (
				27A67DED27326B2300183AE9 /* prototype-Delegate-TextField-mohaamed_ALatawi.app */,
			);
			name = Products;
			sourceTree = "<group>";
		};
		27A67DEF27326B2300183AE9 /* prototype-Delegate-TextField-mohaamed_ALatawi */ = {
			isa = PBXGroup;
			children = (
				27A67DF027326B2300183AE9 /* AppDelegate.swift */,
				27A67DF227326B2300183AE9 /* SceneDelegate.swift */,
				27A67DF427326B2300183AE9 /* ViewController.swift */,
				27A67DF627326B2300183AE9 /* Main.storyboard */,
				27A67DF927326B2400183AE9 /* Assets.xcassets */,
				27A67DFB27326B2400183AE9 /* LaunchScreen.storyboard */,
				27A67DFE27326B2400183AE9 /* Info.plist */,
			);
			path = "prototype-Delegate-TextField-mohaamed_ALatawi";
			sourceTree = "<group>";
		};
/* End PBXGroup section */

/* Begin PBXNativeTarget section */
		27A67DEC27326B2300183AE9 /* prototype-Delegate-TextField-mohaamed_ALatawi */ = {
			isa = PBXNativeTarget;
			buildConfigurationList = 27A67E0127326B2400183AE9 /* Build configuration list for PBXNativeTarget "prototype-Delegate-TextField-mohaamed_ALatawi" */;
			buildPhases = (
				27A67DE927326B2300183AE9 /* Sources */,
				27A67DEA27326B2300183AE9 /* Frameworks */,
				27A67DEB27326B2300183AE9 /* Resources */,
			);
			buildRules = (
			);
			dependencies = (
			);
			name = "prototype-Delegate-TextField-mohaamed_ALatawi";
			productName = "prototype-Delegate-TextField-mohaamed_ALatawi";
			productReference = 27A67DED27326B2300183AE9 /* prototype-Delegate-TextField-mohaamed_ALatawi.app */;
			productType = "com.apple.product-type.application";
		};
/* End PBXNativeTarget section */

/* Begin PBXProject section */
		27A67DE527326B2300183AE9 /* Project object */ = {
			isa = PBXProject;
			attributes = {
				LastSwiftUpdateCheck = 1250;
				LastUpgradeCheck = 1250;
				TargetAttributes = {
					27A67DEC27326B2300183AE9 = {
						CreatedOnToolsVersion = 12.5;
					};
				};
			};
			buildConfigurationList = 27A67DE827326B2300183AE9 /* Build configuration list for PBXProject "prototype-Delegate-TextField-mohaamed_ALatawi" */;
			compatibilityVersion = "Xcode 12.0";
			developmentRegion = en;
			hasScannedForEncodings = 0;
			knownRegions = (
				en,
				Base,
			);
			mainGroup = 27A67DE427326B2300183AE9;
			productRefGroup = 27A67DEE27326B2300183AE9 /* Products */;
			projectDirPath = "";
			projectRoot = "";
			targets = (
				27A67DEC27326B2300183AE9 /* prototype-Delegate-TextField-mohaamed_ALatawi */,
			);
		};
/* End PBXProject section */

/* Begin PBXResourcesBuildPhase section */
		27A67DEB27326B2300183AE9 /* Resources */ = {
			isa = PBXResourcesBuildPhase;
			buildActionMask = 2147483647;
			files = (
				27A67DFD27326B2400183AE9 /* LaunchScreen.storyboard in Resources */,
				27A67DFA27326B2400183AE9 /* Assets.xcassets in Resources */,
				27A67DF827326B2300183AE9 /* Main.storyboard in Resources */,
			);
			runOnlyForDeploymentPostprocessing = 0;
		};
/* End PBXResourcesBuildPhase section */

/* Begin PBXSourcesBuildPhase section */
		27A67DE927326B2300183AE9 /* Sources */ = {
			isa = PBXSourcesBuildPhase;
			buildActionMask = 2147483647;
			files = (
				27A67DF527326B2300183AE9 /* ViewController.swift in Sources */,
				27A67DF127326B2300183AE9 /* AppDelegate.swift in Sources */,
				27A67DF327326B2300183AE9 /* SceneDelegate.swift in Sources */,
			);
			runOnlyForDeploymentPostprocessing = 0;
		};
/* End PBXSourcesBuildPhase section */

/* Begin PBXVariantGroup section */
		27A67DF627326B2300183AE9 /* Main.storyboard */ = {
			isa = PBXVariantGroup;
			children = (
				27A67DF727326B2300183AE9 /* Base */,
			);
			name = Main.storyboard;
			sourceTree = "<group>";
		};
		27A67DFB27326B2400183AE9 /* LaunchScreen.storyboard */ = {
			isa = PBXVariantGroup;
			children = (
				27A67DFC27326B2400183AE9 /* Base */,
			);
			name = LaunchScreen.storyboard;
			sourceTree = "<group>";
		};
/* End PBXVariantGroup section */

/* Begin XCBuildConfiguration section */
		27A67DFF27326B2400183AE9 /* Debug */ = {
			isa = XCBuildConfiguration;
			buildSettings = {
				ALWAYS_SEARCH_USER_PATHS = NO;
				CLANG_ANALYZER_NONNULL = YES;
				CLANG_ANALYZER_NUMBER_OBJECT_CONVERSION = YES_AGGRESSIVE;
				CLANG_CXX_LANGUAGE_STANDARD = "gnu++14";
				CLANG_CXX_LIBRARY = "libc++";
				CLANG_ENABLE_MODULES = YES;
				CLANG_ENABLE_OBJC_ARC = YES;
				CLANG_ENABLE_OBJC_WEAK = YES;
				CLANG_WARN_BLOCK_CAPTURE_AUTORELEASING = YES;
				CLANG_WARN_BOOL_CONVERSION = YES;
				CLANG_WARN_COMMA = YES;
				CLANG_WARN_CONSTANT_CONVERSION = YES;
				CLANG_WARN_DEPRECATED_OBJC_IMPLEMENTATIONS = YES;
				CLANG_WARN_DIRECT_OBJC_ISA_USAGE = YES_ERROR;
				CLANG_WARN_DOCUMENTATION_COMMENTS = YES;
				CLANG_WARN_EMPTY_BODY = YES;
				CLANG_WARN_ENUM_CONVERSION = YES;
				CLANG_WARN_INFINITE_RECURSION = YES;
				CLANG_WARN_INT_CONVERSION = YES;
				CLANG_WARN_NON_LITERAL_NULL_CONVERSION = YES;
				CLANG_WARN_OBJC_IMPLICIT_RETAIN_SELF = YES;
				CLANG_WARN_OBJC_LITERAL_CONVERSION = YES;
				CLANG_WARN_OBJC_ROOT_CLASS = YES_ERROR;
				CLANG_WARN_QUOTED_INCLUDE_IN_FRAMEWORK_HEADER = YES;
				CLANG_WARN_RANGE_LOOP_ANALYSIS = YES;
				CLANG_WARN_STRICT_PROTOTYPES = YES;
				CLANG_WARN_SUSPICIOUS_MOVE = YES;
				CLANG_WARN_UNGUARDED_AVAILABILITY = YES_AGGRESSIVE;
				CLANG_WARN_UNREACHABLE_CODE = YES;
				CLANG_WARN__DUPLICATE_METHOD_MATCH = YES;
				COPY_PHASE_STRIP = NO;
				DEBUG_INFORMATION_FORMAT = dwarf;
				ENABLE_STRICT_OBJC_MSGSEND = YES;
				ENABLE_TESTABILITY = YES;
				GCC_C_LANGUAGE_STANDARD = gnu11;
				GCC_DYNAMIC_NO_PIC = NO;
				GCC_NO_COMMON_BLOCKS = YES;
				GCC_OPTIMIZATION_LEVEL = 0;
				GCC_PREPROCESSOR_DEFINITIONS = (
					"DEBUG=1",
					"$(inherited)",
				);
				GCC_WARN_64_TO_32_BIT_CONVERSION = YES;
				GCC_WARN_ABOUT_RETURN_TYPE = YES_ERROR;
				GCC_WARN_UNDECLARED_SELECTOR = YES;
				GCC_WARN_UNINITIALIZED_AUTOS = YES_AGGRESSIVE;
				GCC_WARN_UNUSED_FUNCTION = YES;
				GCC_WARN_UNUSED_VARIABLE = YES;
				IPHONEOS_DEPLOYMENT_TARGET = 14.5;
				MTL_ENABLE_DEBUG_INFO = INCLUDE_SOURCE;
				MTL_FAST_MATH = YES;
				ONLY_ACTIVE_ARCH = YES;
				SDKROOT = iphoneos;
				SWIFT_ACTIVE_COMPILATION_CONDITIONS = DEBUG;
				SWIFT_OPTIMIZATION_LEVEL = "-Onone";
			};
			name = Debug;
		};
		27A67E0027326B2400183AE9 /* Release */ = {
			isa = XCBuildConfiguration;
			buildSettings = {
				ALWAYS_SEARCH_USER_PATHS = NO;
				CLANG_ANALYZER_NONNULL = YES;
				CLANG_ANALYZER_NUMBER_OBJECT_CONVERSION = YES_AGGRESSIVE;
				CLANG_CXX_LANGUAGE_STANDARD = "gnu++14";
				CLANG_CXX_LIBRARY = "libc++";
				CLANG_ENABLE_MODULES = YES;
				CLANG_ENABLE_OBJC_ARC = YES;
				CLANG_ENABLE_OBJC_WEAK = YES;
				CLANG_WARN_BLOCK_CAPTURE_AUTORELEASING = YES;
				CLANG_WARN_BOOL_CONVERSION = YES;
				CLANG_WARN_COMMA = YES;
				CLANG_WARN_CONSTANT_CONVERSION = YES;
				CLANG_WARN_DEPRECATED_OBJC_IMPLEMENTATIONS = YES;
				CLANG_WARN_DIRECT_OBJC_ISA_USAGE = YES_ERROR;
				CLANG_WARN_DOCUMENTATION_COMMENTS = YES;
				CLANG_WARN_EMPTY_BODY = YES;
				CLANG_WARN_ENUM_CONVERSION = YES;
				CLANG_WARN_INFINITE_RECURSION = YES;
				CLANG_WARN_INT_CONVERSION = YES;
				CLANG_WARN_NON_LITERAL_NULL_CONVERSION = YES;
				CLANG_WARN_OBJC_IMPLICIT_RETAIN_SELF = YES;
				CLANG_WARN_OBJC_LITERAL_CONVERSION = YES;
				CLANG_WARN_OBJC_ROOT_CLASS = YES_ERROR;
				CLANG_WARN_QUOTED_INCLUDE_IN_FRAMEWORK_HEADER = YES;
				CLANG_WARN_RANGE_LOOP_ANALYSIS = YES;
				CLANG_WARN_STRICT_PROTOTYPES = YES;
				CLANG_WARN_SUSPICIOUS_MOVE = YES;
				CLANG_WARN_UNGUARDED_AVAILABILITY = YES_AGGRESSIVE;
				CLANG_WARN_UNREACHABLE_CODE = YES;
				CLANG_WARN__DUPLICATE_METHOD_MATCH = YES;
				COPY_PHASE_STRIP = NO;
				DEBUG_INFORMATION_FORMAT = "dwarf-with-dsym";
				ENABLE_NS_ASSERTIONS = NO;
				ENABLE_STRICT_OBJC_MSGSEND = YES;
				GCC_C_LANGUAGE_STANDARD = gnu11;
				GCC_NO_COMMON_BLOCKS = YES;
				GCC_WARN_64_TO_32_BIT_CONVERSION = YES;
				GCC_WARN_ABOUT_RETURN_TYPE = YES_ERROR;
				GCC_WARN_UNDECLARED_SELECTOR = YES;
				GCC_WARN_UNINITIALIZED_AUTOS = YES_AGGRESSIVE;
				GCC_WARN_UNUSED_FUNCTION = YES;
				GCC_WARN_UNUSED_VARIABLE = YES;
				IPHONEOS_DEPLOYMENT_TARGET = 14.5;
				MTL_ENABLE_DEBUG_INFO = NO;
				MTL_FAST_MATH = YES;
				SDKROOT = iphoneos;
				SWIFT_COMPILATION_MODE = wholemodule;
				SWIFT_OPTIMIZATION_LEVEL = "-O";
				VALIDATE_PRODUCT = YES;
			};
			name = Release;
		};
		27A67E0227326B2400183AE9 /* Debug */ = {
			isa = XCBuildConfiguration;
			buildSettings = {
				ASSETCATALOG_COMPILER_APPICON_NAME = AppIcon;
				ASSETCATALOG_COMPILER_GLOBAL_ACCENT_COLOR_NAME = AccentColor;
				CODE_SIGN_STYLE = Automatic;
				DEVELOPMENT_TEAM = 6AGFQ96A5N;
				INFOPLIST_FILE = "prototype-Delegate-TextField-mohaamed_ALatawi/Info.plist";
				LD_RUNPATH_SEARCH_PATHS = (
					"$(inherited)",
					"@executable_path/Frameworks",
				);
				PRODUCT_BUNDLE_IDENTIFIER = "com.mohammed.prototype-Delegate-TextField-mohaamed-ALatawi";
				PRODUCT_NAME = "$(TARGET_NAME)";
				SWIFT_VERSION = 5.0;
				TARGETED_DEVICE_FAMILY = "1,2";
			};
			name = Debug;
		};
		27A67E0327326B2400183AE9 /* Release */ = {
			isa = XCBuildConfiguration;
			buildSettings = {
				ASSETCATALOG_COMPILER_APPICON_NAME = AppIcon;
				ASSETCATALOG_COMPILER_GLOBAL_ACCENT_COLOR_NAME = AccentColor;
				CODE_SIGN_STYLE = Automatic;
				DEVELOPMENT_TEAM = 6AGFQ96A5N;
				INFOPLIST_FILE = "prototype-Delegate-TextField-mohaamed_ALatawi/Info.plist";
				LD_RUNPATH_SEARCH_PATHS = (
					"$(inherited)",
					"@executable_path/Frameworks",
				);
				PRODUCT_BUNDLE_IDENTIFIER = "com.mohammed.prototype-Delegate-TextField-mohaamed-ALatawi";
				PRODUCT_NAME = "$(TARGET_NAME)";
				SWIFT_VERSION = 5.0;
				TARGETED_DEVICE_FAMILY = "1,2";
			};
			name = Release;
		};
/* End XCBuildConfiguration section */

/* Begin XCConfigurationList section */
		27A67DE827326B2300183AE9 /* Build configuration list for PBXProject "prototype-Delegate-TextField-mohaamed_ALatawi" */ = {
			isa = XCConfigurationList;
			buildConfigurations = (
				27A67DFF27326B2400183AE9 /* Debug */,
				27A67E0027326B2400183AE9 /* Release */,
			);
			defaultConfigurationIsVisible = 0;
			defaultConfigurationName = Release;
		};
		27A67E0127326B2400183AE9 /* Build configuration list for PBXNativeTarget "prototype-Delegate-TextField-mohaamed_ALatawi" */ = {
			isa = XCConfigurationList;
			buildConfigurations = (
				27A67E0227326B2400183AE9 /* Debug */,
				27A67E0327326B2400183AE9 /* Release */,
			);
			defaultConfigurationIsVisible = 0;
			defaultConfigurationName = Release;
		};
/* End XCConfigurationList section */
	};
	rootObject = 27A67DE527326B2300183AE9 /* Project object */;
}
